{
  "version": 1,
  "dependencies": {
    "net9.0-windows7.0": {
      "Tesseract": {
        "type": "Direct",
        "requested": "[5.2.0, )",
        "resolved": "5.2.0",
        "contentHash": "YB7feJlrTWSXtK8+WaCcseGSPK/1r2d2FWeKGyndlrPwYClrzTlCoHD4/oQEUjKafmpkWlhTZZ7pxiRJYZgj6w==",
        "dependencies": {
          "System.Reflection.Emit": "4.7.0"
        }
      },
      "System.Reflection.Emit": {
        "type": "Transitive",
        "resolved": "4.7.0",
        "contentHash": "VR4kk8XLKebQ4MZuKuIni/7oh+QGFmZW3qORd1GvBq/8026OpW501SzT/oypwiQl4TvT8ErnReh/NzY9u+C6wQ=="
      }
    },
    "net9.0-windows7.0/win-x64": {}
  }
}